
Microsoft Visual Studio Solution File, Format Version 12.00
# Visual Studio 15
VisualStudioVersion = 15.0.26228.4
MinimumVisualStudioVersion = 10.0.40219.1
Project("{FAE04EC0-301F-11D3-BF4B-00C04F79EFBC}") = "SkillzInDemand-1", "SkillzInDemand-1\SkillzInDemand-1.csproj", "{E40C8522-37C1-42CA-87AE-5C53B3724555}"
EndProject
Project("{FAE04EC0-301F-11D3-BF4B-00C04F79EFBC}") = "WebApplication1", "WebApplication1\WebApplication1.csproj", "{54681C0B-3211-4E46-9105-EA54467D9CE9}"
EndProject
Project("{FAE04EC0-301F-11D3-BF4B-00C04F79EFBC}") = "WebApplication2", "WebApplication2\WebApplication2.csproj", "{BBA35D4D-E65C-482B-BEAB-034B8D827621}"
EndProject
Project("{FAE04EC0-301F-11D3-BF4B-00C04F79EFBC}") = "WebApplication4", "WebApplication4\WebApplication4.csproj", "{B54998A2-8777-4EA1-92D3-CAFA794339DA}"
EndProject
Project("{FAE04EC0-301F-11D3-BF4B-00C04F79EFBC}") = "WebApplication5", "WebApplication5\WebApplication5.csproj", "{77C58EF3-C3F2-4911-B64F-DA451A362CC4}"
EndProject
Global
	GlobalSection(SolutionConfigurationPlatforms) = preSolution
		Debug|Any CPU = Debug|Any CPU
		Release|Any CPU = Release|Any CPU
	EndGlobalSection
	GlobalSection(ProjectConfigurationPlatforms) = postSolution
		{E40C8522-37C1-42CA-87AE-5C53B3724555}.Debug|Any CPU.ActiveCfg = Debug|Any CPU
		{E40C8522-37C1-42CA-87AE-5C53B3724555}.Debug|Any CPU.Build.0 = Debug|Any CPU
		{E40C8522-37C1-42CA-87AE-5C53B3724555}.Release|Any CPU.ActiveCfg = Release|Any CPU
		{E40C8522-37C1-42CA-87AE-5C53B3724555}.Release|Any CPU.Build.0 = Release|Any CPU
		{54681C0B-3211-4E46-9105-EA54467D9CE9}.Debug|Any CPU.ActiveCfg = Debug|Any CPU
		{54681C0B-3211-4E46-9105-EA54467D9CE9}.Debug|Any CPU.Build.0 = Debug|Any CPU
		{54681C0B-3211-4E46-9105-EA54467D9CE9}.Release|Any CPU.ActiveCfg = Release|Any CPU
		{54681C0B-3211-4E46-9105-EA54467D9CE9}.Release|Any CPU.Build.0 = Release|Any CPU
		{BBA35D4D-E65C-482B-BEAB-034B8D827621}.Debug|Any CPU.ActiveCfg = Debug|Any CPU
		{BBA35D4D-E65C-482B-BEAB-034B8D827621}.Debug|Any CPU.Build.0 = Debug|Any CPU
		{BBA35D4D-E65C-482B-BEAB-034B8D827621}.Release|Any CPU.ActiveCfg = Release|Any CPU
		{BBA35D4D-E65C-482B-BEAB-034B8D827621}.Release|Any CPU.Build.0 = Release|Any CPU
		{B54998A2-8777-4EA1-92D3-CAFA794339DA}.Debug|Any CPU.ActiveCfg = Debug|Any CPU
		{B54998A2-8777-4EA1-92D3-CAFA794339DA}.Debug|Any CPU.Build.0 = Debug|Any CPU
		{B54998A2-8777-4EA1-92D3-CAFA794339DA}.Release|Any CPU.ActiveCfg = Release|Any CPU
		{B54998A2-8777-4EA1-92D3-CAFA794339DA}.Release|Any CPU.Build.0 = Release|Any CPU
		{77C58EF3-C3F2-4911-B64F-DA451A362CC4}.Debug|Any CPU.ActiveCfg = Debug|Any CPU
		{77C58EF3-C3F2-4911-B64F-DA451A362CC4}.Debug|Any CPU.Build.0 = Debug|Any CPU
		{77C58EF3-C3F2-4911-B64F-DA451A362CC4}.Release|Any CPU.ActiveCfg = Release|Any CPU
		{77C58EF3-C3F2-4911-B64F-DA451A362CC4}.Release|Any CPU.Build.0 = Release|Any CPU
	EndGlobalSection
	GlobalSection(SolutionProperties) = preSolution
		HideSolutionNode = FALSE
	EndGlobalSection
EndGlobal
